
Microsoft Visual Studio Solution File, Format Version 12.00
# Visual Studio 14
VisualStudioVersion = 14.0.25420.1
MinimumVisualStudioVersion = 10.0.40219.1
Project("{2150E333-8FDC-42A3-9474-1A3956D46DE8}") = "01.Arrays", "01.Arrays", "{5EEDC7C1-06FD-477C-A879-7F1EF1ED552A}"
EndProject
Project("{FAE04EC0-301F-11D3-BF4B-00C04F79EFBC}") = "01.AllocateArray", "01.AllocateArray\01.AllocateArray.csproj", "{1E0AE736-5A45-4B23-95DD-E2DCE1968639}"
EndProject
Project("{FAE04EC0-301F-11D3-BF4B-00C04F79EFBC}") = "02.CompareArrays", "02.CompareArrays\02.CompareArrays.csproj", "{8EF887F3-E6BB-4184-9CAB-9B1642E05B03}"
EndProject
Project("{FAE04EC0-301F-11D3-BF4B-00C04F79EFBC}") = "03.CompareCharArrays", "03.CompareCharArrays\03.CompareCharArrays.csproj", "{5F033D1D-A400-473A-BE38-4BF34CBEF4ED}"
EndProject
Project("{FAE04EC0-301F-11D3-BF4B-00C04F79EFBC}") = "04.MaximalSequence", "04.MaximalSequence\04.MaximalSequence.csproj", "{1F02D462-AB07-4F53-8DC4-3528F41E7E6D}"
EndProject
Project("{FAE04EC0-301F-11D3-BF4B-00C04F79EFBC}") = "05.MaxmalIncreasing", "05.MaxmalIncreasing\05.MaxmalIncreasing.csproj", "{73CB74A6-4D9F-4607-983D-AD2FB0D6DCB3}"
EndProject
Project("{FAE04EC0-301F-11D3-BF4B-00C04F79EFBC}") = "06.MaximalK", "06.MaximalK\06.MaximalK.csproj", "{D09D6808-1ADE-4197-B976-B9E42D8AD66B}"
EndProject
Project("{FAE04EC0-301F-11D3-BF4B-00C04F79EFBC}") = "07.SelectionSort", "07.SelectionSort\07.SelectionSort.csproj", "{34BF36DE-7746-49D7-8D01-471DB1EFB51B}"
EndProject
Project("{FAE04EC0-301F-11D3-BF4B-00C04F79EFBC}") = "09.FrequentNumber", "09.FrequentNumber\09.FrequentNumber.csproj", "{9AD25828-1067-4D20-B81B-DAA5C128AB31}"
EndProject
Project("{FAE04EC0-301F-11D3-BF4B-00C04F79EFBC}") = "11.BinarySearch", "11.BinarySearch\11.BinarySearch.csproj", "{6E2728E0-7207-4C23-9D82-0D4B73998B64}"
EndProject
Project("{2150E333-8FDC-42A3-9474-1A3956D46DE8}") = "02.MultiArrays", "02.MultiArrays", "{DA329C77-377D-4D8E-ABAA-6356295B115B}"
EndProject
Project("{FAE04EC0-301F-11D3-BF4B-00C04F79EFBC}") = "01.FillMatrix", "01.FillMatrix\01.FillMatrix.csproj", "{B9B79B7C-BEFE-4E09-9429-263FCE7ED080}"
EndProject
Project("{FAE04EC0-301F-11D3-BF4B-00C04F79EFBC}") = "02.MaxSum", "02.MaxSum\02.MaxSum.csproj", "{9B0F558A-04EF-4B5B-9300-5C5B4D4E415A}"
EndProject
Project("{2150E333-8FDC-42A3-9474-1A3956D46DE8}") = "04.NumeralSystems", "04.NumeralSystems", "{35FFA70C-E9CD-426D-B7EF-89D1759430CA}"
EndProject
Project("{FAE04EC0-301F-11D3-BF4B-00C04F79EFBC}") = "01.DecimalBinary", "01.DecimalBinary\01.DecimalBinary.csproj", "{FB9F25D7-70F5-4096-8E40-0FD36213424D}"
EndProject
Project("{2150E333-8FDC-42A3-9474-1A3956D46DE8}") = "03.Methods", "03.Methods", "{0AFB6F26-9F2B-4C79-9F33-3B019DBE48F3}"
EndProject
Project("{FAE04EC0-301F-11D3-BF4B-00C04F79EFBC}") = "01.HelloName", "01.HelloName\01.HelloName.csproj", "{01490968-0516-4F2A-8B66-DBA06AAAC99A}"
EndProject
Project("{FAE04EC0-301F-11D3-BF4B-00C04F79EFBC}") = "02.GetMax", "02.GetMax\02.GetMax.csproj", "{0EAA5EDE-272E-4178-AE3D-C497AAD2B060}"
EndProject
Project("{FAE04EC0-301F-11D3-BF4B-00C04F79EFBC}") = "03.EnglishDigit", "03.EnglishDigit\03.EnglishDigit.csproj", "{F7C51978-1541-412F-80BB-B5F87F193858}"
EndProject
Project("{FAE04EC0-301F-11D3-BF4B-00C04F79EFBC}") = "04.AppearanceCount", "04.AppearanceCount\04.AppearanceCount.csproj", "{F11208D4-09BF-49C5-A9BF-C5DE787B1E93}"
EndProject
Project("{FAE04EC0-301F-11D3-BF4B-00C04F79EFBC}") = "05.LargerThanNeighbours", "05.LargerThanNeighbours\05.LargerThanNeighbours.csproj", "{65A4E518-7C50-4EC8-93CD-6E1AF88E0996}"
EndProject
Project("{FAE04EC0-301F-11D3-BF4B-00C04F79EFBC}") = "06.FirstLarger", "06.FirstLarger\06.FirstLarger.csproj", "{28966735-0082-4E9E-8088-A9D044633E2A}"
EndProject
Project("{FAE04EC0-301F-11D3-BF4B-00C04F79EFBC}") = "07.ReverseNumber", "07.ReverseNumber\07.ReverseNumber.csproj", "{2632A3B7-6A58-4046-A522-52EA56DA7789}"
EndProject
Project("{FAE04EC0-301F-11D3-BF4B-00C04F79EFBC}") = "08.NumberAsArray", "08.NumberAsArray\08.NumberAsArray.csproj", "{C9BD2F92-25C9-48D4-9E35-4FD28CD56868}"
EndProject
Project("{FAE04EC0-301F-11D3-BF4B-00C04F79EFBC}") = "10.Factorial", "10.Factorial\10.Factorial.csproj", "{3A10E7F4-2CB9-4486-BB4E-92D2FE88C70D}"
EndProject
Project("{FAE04EC0-301F-11D3-BF4B-00C04F79EFBC}") = "10.Calculations", "10.Calculations\10.Calculations.csproj", "{835C2A60-2FEA-4DEE-BFD5-E0AC8ADF326F}"
EndProject
Project("{2150E333-8FDC-42A3-9474-1A3956D46DE8}") = "06.Strings", "06.Strings", "{0984DF7A-AF18-4565-BE5F-D033B153DEC0}"
EndProject
Project("{FAE04EC0-301F-11D3-BF4B-00C04F79EFBC}") = "02.ReverseString", "02.ReverseString\02.ReverseString.csproj", "{5676BE35-D81C-4997-81D3-58BACDE9136B}"
EndProject
Project("{FAE04EC0-301F-11D3-BF4B-00C04F79EFBC}") = "03.CorrectBrackets", "03.CorrectBrackets\03.CorrectBrackets.csproj", "{4264F06C-4DC2-41B1-896F-8B37657B18AB}"
EndProject
Project("{2150E333-8FDC-42A3-9474-1A3956D46DE8}") = "05.Classes", "05.Classes", "{B7400A13-EF95-4FF6-A133-61F126EBB1D8}"
EndProject
Project("{FAE04EC0-301F-11D3-BF4B-00C04F79EFBC}") = "01.LeapYear", "01.LeapYear\01.LeapYear.csproj", "{29B9102D-95BB-48D6-84E8-90E44A05AD07}"
EndProject
Project("{FAE04EC0-301F-11D3-BF4B-00C04F79EFBC}") = "04.TriangleSurfaceSideAttitude", "04.TriangleSurfaceSideAttitude\04.TriangleSurfaceSideAttitude.csproj", "{64FD55B5-6BEF-4102-96A4-919B6DA1DBBA}"
EndProject
Project("{FAE04EC0-301F-11D3-BF4B-00C04F79EFBC}") = "05.TriangleSurfaceThreeSides", "05.TriangleSurfaceThreeSides\05.TriangleSurfaceThreeSides.csproj", "{26BAD646-E63C-4D64-8869-295374227C5A}"
EndProject
Project("{FAE04EC0-301F-11D3-BF4B-00C04F79EFBC}") = "06.TriangleSurfaceAngle", "06.TriangleSurfaceAngle\06.TriangleSurfaceAngle.csproj", "{618A1F0E-43F5-437D-ABE1-F3C0B3066EFB}"
EndProject
Project("{FAE04EC0-301F-11D3-BF4B-00C04F79EFBC}") = "08.SumIntegers", "08.SumIntegers\08.SumIntegers.csproj", "{ECEFFEDA-E104-4E72-8874-AAADEF166E45}"
EndProject
Project("{FAE04EC0-301F-11D3-BF4B-00C04F79EFBC}") = "02.BinToDec", "02.BinToDec\02.BinToDec.csproj", "{FFED3A6C-C27F-48E6-B291-6520069AC19A}"
EndProject
Project("{FAE04EC0-301F-11D3-BF4B-00C04F79EFBC}") = "04.HexaToDec", "04.HexaToDec\04.HexaToDec.csproj", "{3E5E5FB9-9B32-4846-959A-9E5690D1AC5A}"
EndProject
Project("{FAE04EC0-301F-11D3-BF4B-00C04F79EFBC}") = "05.HexaToBin", "05.HexaToBin\05.HexaToBin.csproj", "{9DEF0A7D-3BE7-4F40-8B81-357BEC1EE0B0}"
EndProject
Project("{FAE04EC0-301F-11D3-BF4B-00C04F79EFBC}") = "03.DecToHex", "03.DecToHex\03.DecToHex.csproj", "{56118EA7-3AC4-4910-836C-86B4E9C76B24}"
EndProject
Project("{FAE04EC0-301F-11D3-BF4B-00C04F79EFBC}") = "06.BinToHEx", "06.BinToHEx\06.BinToHEx.csproj", "{AEA673CA-8D43-477D-8A18-953A36CD7A3A}"
EndProject
Project("{FAE04EC0-301F-11D3-BF4B-00C04F79EFBC}") = "07.OneToAny", "07.OneToAny\07.OneToAny.csproj", "{6BA7C00A-08AD-48BF-B592-4D49770ED0F8}"
EndProject
Project("{FAE04EC0-301F-11D3-BF4B-00C04F79EFBC}") = "08.BinShort", "08.BinShort\08.BinShort.csproj", "{A354AA33-8574-4B4E-9830-A5E0FC19C342}"
EndProject
Project("{FAE04EC0-301F-11D3-BF4B-00C04F79EFBC}") = "03.MaxSequence", "03.MaxSequence\03.MaxSequence.csproj", "{B2FD70BD-AC3D-4D10-8A97-B03356FC2B08}"
EndProject
Project("{FAE04EC0-301F-11D3-BF4B-00C04F79EFBC}") = "09.SortingArray", "09.SortingArray\09.SortingArray.csproj", "{1DAB566F-1504-414A-AE03-B6617F30F618}"
EndProject
Project("{FAE04EC0-301F-11D3-BF4B-00C04F79EFBC}") = "11.AddingPol", "11.AddingPol\11.AddingPol.csproj", "{FCA66BB0-42D2-41F8-BA7F-79DC623323CD}"
EndProject
Project("{FAE04EC0-301F-11D3-BF4B-00C04F79EFBC}") = "08.MaxSum", "08.MaxSum\08.MaxSum.csproj", "{B2572C8E-FF8A-45A8-BCE3-1EB481168904}"
EndProject
Project("{FAE04EC0-301F-11D3-BF4B-00C04F79EFBC}") = "12.IndexOfLetter", "12.IndexOfLetter\12.IndexOfLetter.csproj", "{433F2197-FEA7-4FF2-8798-B8A153ADDC6C}"
EndProject
Project("{FAE04EC0-301F-11D3-BF4B-00C04F79EFBC}") = "13.MergeSort", "13.MergeSort\13.MergeSort.csproj", "{FD811727-83D9-464C-8851-C685D739FD2F}"
EndProject
Project("{FAE04EC0-301F-11D3-BF4B-00C04F79EFBC}") = "14.QuickSort", "14.QuickSort\14.QuickSort.csproj", "{155D83D5-9C46-43B7-9704-5AAD5E01DD82}"
EndProject
Project("{FAE04EC0-301F-11D3-BF4B-00C04F79EFBC}") = "15.PrimeNumbers", "15.PrimeNumbers\15.PrimeNumbers.csproj", "{7E4681DE-31BA-4BE2-80C7-B756D0A09887}"
EndProject
Global
	GlobalSection(SolutionConfigurationPlatforms) = preSolution
		Debug|Any CPU = Debug|Any CPU
		Release|Any CPU = Release|Any CPU
	EndGlobalSection
	GlobalSection(ProjectConfigurationPlatforms) = postSolution
		{1E0AE736-5A45-4B23-95DD-E2DCE1968639}.Debug|Any CPU.ActiveCfg = Debug|Any CPU
		{1E0AE736-5A45-4B23-95DD-E2DCE1968639}.Debug|Any CPU.Build.0 = Debug|Any CPU
		{1E0AE736-5A45-4B23-95DD-E2DCE1968639}.Release|Any CPU.ActiveCfg = Release|Any CPU
		{1E0AE736-5A45-4B23-95DD-E2DCE1968639}.Release|Any CPU.Build.0 = Release|Any CPU
		{8EF887F3-E6BB-4184-9CAB-9B1642E05B03}.Debug|Any CPU.ActiveCfg = Debug|Any CPU
		{8EF887F3-E6BB-4184-9CAB-9B1642E05B03}.Debug|Any CPU.Build.0 = Debug|Any CPU
		{8EF887F3-E6BB-4184-9CAB-9B1642E05B03}.Release|Any CPU.ActiveCfg = Release|Any CPU
		{8EF887F3-E6BB-4184-9CAB-9B1642E05B03}.Release|Any CPU.Build.0 = Release|Any CPU
		{5F033D1D-A400-473A-BE38-4BF34CBEF4ED}.Debug|Any CPU.ActiveCfg = Debug|Any CPU
		{5F033D1D-A400-473A-BE38-4BF34CBEF4ED}.Debug|Any CPU.Build.0 = Debug|Any CPU
		{5F033D1D-A400-473A-BE38-4BF34CBEF4ED}.Release|Any CPU.ActiveCfg = Release|Any CPU
		{5F033D1D-A400-473A-BE38-4BF34CBEF4ED}.Release|Any CPU.Build.0 = Release|Any CPU
		{1F02D462-AB07-4F53-8DC4-3528F41E7E6D}.Debug|Any CPU.ActiveCfg = Debug|Any CPU
		{1F02D462-AB07-4F53-8DC4-3528F41E7E6D}.Debug|Any CPU.Build.0 = Debug|Any CPU
		{1F02D462-AB07-4F53-8DC4-3528F41E7E6D}.Release|Any CPU.ActiveCfg = Release|Any CPU
		{1F02D462-AB07-4F53-8DC4-3528F41E7E6D}.Release|Any CPU.Build.0 = Release|Any CPU
		{73CB74A6-4D9F-4607-983D-AD2FB0D6DCB3}.Debug|Any CPU.ActiveCfg = Debug|Any CPU
		{73CB74A6-4D9F-4607-983D-AD2FB0D6DCB3}.Debug|Any CPU.Build.0 = Debug|Any CPU
		{73CB74A6-4D9F-4607-983D-AD2FB0D6DCB3}.Release|Any CPU.ActiveCfg = Release|Any CPU
		{73CB74A6-4D9F-4607-983D-AD2FB0D6DCB3}.Release|Any CPU.Build.0 = Release|Any CPU
		{D09D6808-1ADE-4197-B976-B9E42D8AD66B}.Debug|Any CPU.ActiveCfg = Debug|Any CPU
		{D09D6808-1ADE-4197-B976-B9E42D8AD66B}.Debug|Any CPU.Build.0 = Debug|Any CPU
		{D09D6808-1ADE-4197-B976-B9E42D8AD66B}.Release|Any CPU.ActiveCfg = Release|Any CPU
		{D09D6808-1ADE-4197-B976-B9E42D8AD66B}.Release|Any CPU.Build.0 = Release|Any CPU
		{34BF36DE-7746-49D7-8D01-471DB1EFB51B}.Debug|Any CPU.ActiveCfg = Debug|Any CPU
		{34BF36DE-7746-49D7-8D01-471DB1EFB51B}.Debug|Any CPU.Build.0 = Debug|Any CPU
		{34BF36DE-7746-49D7-8D01-471DB1EFB51B}.Release|Any CPU.ActiveCfg = Release|Any CPU
		{34BF36DE-7746-49D7-8D01-471DB1EFB51B}.Release|Any CPU.Build.0 = Release|Any CPU
		{9AD25828-1067-4D20-B81B-DAA5C128AB31}.Debug|Any CPU.ActiveCfg = Debug|Any CPU
		{9AD25828-1067-4D20-B81B-DAA5C128AB31}.Debug|Any CPU.Build.0 = Debug|Any CPU
		{9AD25828-1067-4D20-B81B-DAA5C128AB31}.Release|Any CPU.ActiveCfg = Release|Any CPU
		{9AD25828-1067-4D20-B81B-DAA5C128AB31}.Release|Any CPU.Build.0 = Release|Any CPU
		{6E2728E0-7207-4C23-9D82-0D4B73998B64}.Debug|Any CPU.ActiveCfg = Debug|Any CPU
		{6E2728E0-7207-4C23-9D82-0D4B73998B64}.Debug|Any CPU.Build.0 = Debug|Any CPU
		{6E2728E0-7207-4C23-9D82-0D4B73998B64}.Release|Any CPU.ActiveCfg = Release|Any CPU
		{6E2728E0-7207-4C23-9D82-0D4B73998B64}.Release|Any CPU.Build.0 = Release|Any CPU
		{B9B79B7C-BEFE-4E09-9429-263FCE7ED080}.Debug|Any CPU.ActiveCfg = Debug|Any CPU
		{B9B79B7C-BEFE-4E09-9429-263FCE7ED080}.Debug|Any CPU.Build.0 = Debug|Any CPU
		{B9B79B7C-BEFE-4E09-9429-263FCE7ED080}.Release|Any CPU.ActiveCfg = Release|Any CPU
		{B9B79B7C-BEFE-4E09-9429-263FCE7ED080}.Release|Any CPU.Build.0 = Release|Any CPU
		{9B0F558A-04EF-4B5B-9300-5C5B4D4E415A}.Debug|Any CPU.ActiveCfg = Debug|Any CPU
		{9B0F558A-04EF-4B5B-9300-5C5B4D4E415A}.Debug|Any CPU.Build.0 = Debug|Any CPU
		{9B0F558A-04EF-4B5B-9300-5C5B4D4E415A}.Release|Any CPU.ActiveCfg = Release|Any CPU
		{9B0F558A-04EF-4B5B-9300-5C5B4D4E415A}.Release|Any CPU.Build.0 = Release|Any CPU
		{FB9F25D7-70F5-4096-8E40-0FD36213424D}.Debug|Any CPU.ActiveCfg = Debug|Any CPU
		{FB9F25D7-70F5-4096-8E40-0FD36213424D}.Debug|Any CPU.Build.0 = Debug|Any CPU
		{FB9F25D7-70F5-4096-8E40-0FD36213424D}.Release|Any CPU.ActiveCfg = Release|Any CPU
		{FB9F25D7-70F5-4096-8E40-0FD36213424D}.Release|Any CPU.Build.0 = Release|Any CPU
		{01490968-0516-4F2A-8B66-DBA06AAAC99A}.Debug|Any CPU.ActiveCfg = Debug|Any CPU
		{01490968-0516-4F2A-8B66-DBA06AAAC99A}.Debug|Any CPU.Build.0 = Debug|Any CPU
		{01490968-0516-4F2A-8B66-DBA06AAAC99A}.Release|Any CPU.ActiveCfg = Release|Any CPU
		{01490968-0516-4F2A-8B66-DBA06AAAC99A}.Release|Any CPU.Build.0 = Release|Any CPU
		{0EAA5EDE-272E-4178-AE3D-C497AAD2B060}.Debug|Any CPU.ActiveCfg = Debug|Any CPU
		{0EAA5EDE-272E-4178-AE3D-C497AAD2B060}.Debug|Any CPU.Build.0 = Debug|Any CPU
		{0EAA5EDE-272E-4178-AE3D-C497AAD2B060}.Release|Any CPU.ActiveCfg = Release|Any CPU
		{0EAA5EDE-272E-4178-AE3D-C497AAD2B060}.Release|Any CPU.Build.0 = Release|Any CPU
		{F7C51978-1541-412F-80BB-B5F87F193858}.Debug|Any CPU.ActiveCfg = Debug|Any CPU
		{F7C51978-1541-412F-80BB-B5F87F193858}.Debug|Any CPU.Build.0 = Debug|Any CPU
		{F7C51978-1541-412F-80BB-B5F87F193858}.Release|Any CPU.ActiveCfg = Release|Any CPU
		{F7C51978-1541-412F-80BB-B5F87F193858}.Release|Any CPU.Build.0 = Release|Any CPU
		{F11208D4-09BF-49C5-A9BF-C5DE787B1E93}.Debug|Any CPU.ActiveCfg = Debug|Any CPU
		{F11208D4-09BF-49C5-A9BF-C5DE787B1E93}.Debug|Any CPU.Build.0 = Debug|Any CPU
		{F11208D4-09BF-49C5-A9BF-C5DE787B1E93}.Release|Any CPU.ActiveCfg = Release|Any CPU
		{F11208D4-09BF-49C5-A9BF-C5DE787B1E93}.Release|Any CPU.Build.0 = Release|Any CPU
		{65A4E518-7C50-4EC8-93CD-6E1AF88E0996}.Debug|Any CPU.ActiveCfg = Debug|Any CPU
		{65A4E518-7C50-4EC8-93CD-6E1AF88E0996}.Debug|Any CPU.Build.0 = Debug|Any CPU
		{65A4E518-7C50-4EC8-93CD-6E1AF88E0996}.Release|Any CPU.ActiveCfg = Release|Any CPU
		{65A4E518-7C50-4EC8-93CD-6E1AF88E0996}.Release|Any CPU.Build.0 = Release|Any CPU
		{28966735-0082-4E9E-8088-A9D044633E2A}.Debug|Any CPU.ActiveCfg = Debug|Any CPU
		{28966735-0082-4E9E-8088-A9D044633E2A}.Debug|Any CPU.Build.0 = Debug|Any CPU
		{28966735-0082-4E9E-8088-A9D044633E2A}.Release|Any CPU.ActiveCfg = Release|Any CPU
		{28966735-0082-4E9E-8088-A9D044633E2A}.Release|Any CPU.Build.0 = Release|Any CPU
		{2632A3B7-6A58-4046-A522-52EA56DA7789}.Debug|Any CPU.ActiveCfg = Debug|Any CPU
		{2632A3B7-6A58-4046-A522-52EA56DA7789}.Debug|Any CPU.Build.0 = Debug|Any CPU
		{2632A3B7-6A58-4046-A522-52EA56DA7789}.Release|Any CPU.ActiveCfg = Release|Any CPU
		{2632A3B7-6A58-4046-A522-52EA56DA7789}.Release|Any CPU.Build.0 = Release|Any CPU
		{C9BD2F92-25C9-48D4-9E35-4FD28CD56868}.Debug|Any CPU.ActiveCfg = Debug|Any CPU
		{C9BD2F92-25C9-48D4-9E35-4FD28CD56868}.Debug|Any CPU.Build.0 = Debug|Any CPU
		{C9BD2F92-25C9-48D4-9E35-4FD28CD56868}.Release|Any CPU.ActiveCfg = Release|Any CPU
		{C9BD2F92-25C9-48D4-9E35-4FD28CD56868}.Release|Any CPU.Build.0 = Release|Any CPU
		{3A10E7F4-2CB9-4486-BB4E-92D2FE88C70D}.Debug|Any CPU.ActiveCfg = Debug|Any CPU
		{3A10E7F4-2CB9-4486-BB4E-92D2FE88C70D}.Debug|Any CPU.Build.0 = Debug|Any CPU
		{3A10E7F4-2CB9-4486-BB4E-92D2FE88C70D}.Release|Any CPU.ActiveCfg = Release|Any CPU
		{3A10E7F4-2CB9-4486-BB4E-92D2FE88C70D}.Release|Any CPU.Build.0 = Release|Any CPU
		{835C2A60-2FEA-4DEE-BFD5-E0AC8ADF326F}.Debug|Any CPU.ActiveCfg = Debug|Any CPU
		{835C2A60-2FEA-4DEE-BFD5-E0AC8ADF326F}.Debug|Any CPU.Build.0 = Debug|Any CPU
		{835C2A60-2FEA-4DEE-BFD5-E0AC8ADF326F}.Release|Any CPU.ActiveCfg = Release|Any CPU
		{835C2A60-2FEA-4DEE-BFD5-E0AC8ADF326F}.Release|Any CPU.Build.0 = Release|Any CPU
		{5676BE35-D81C-4997-81D3-58BACDE9136B}.Debug|Any CPU.ActiveCfg = Debug|Any CPU
		{5676BE35-D81C-4997-81D3-58BACDE9136B}.Debug|Any CPU.Build.0 = Debug|Any CPU
		{5676BE35-D81C-4997-81D3-58BACDE9136B}.Release|Any CPU.ActiveCfg = Release|Any CPU
		{5676BE35-D81C-4997-81D3-58BACDE9136B}.Release|Any CPU.Build.0 = Release|Any CPU
		{4264F06C-4DC2-41B1-896F-8B37657B18AB}.Debug|Any CPU.ActiveCfg = Debug|Any CPU
		{4264F06C-4DC2-41B1-896F-8B37657B18AB}.Debug|Any CPU.Build.0 = Debug|Any CPU
		{4264F06C-4DC2-41B1-896F-8B37657B18AB}.Release|Any CPU.ActiveCfg = Release|Any CPU
		{4264F06C-4DC2-41B1-896F-8B37657B18AB}.Release|Any CPU.Build.0 = Release|Any CPU
		{29B9102D-95BB-48D6-84E8-90E44A05AD07}.Debug|Any CPU.ActiveCfg = Debug|Any CPU
		{29B9102D-95BB-48D6-84E8-90E44A05AD07}.Debug|Any CPU.Build.0 = Debug|Any CPU
		{29B9102D-95BB-48D6-84E8-90E44A05AD07}.Release|Any CPU.ActiveCfg = Release|Any CPU
		{29B9102D-95BB-48D6-84E8-90E44A05AD07}.Release|Any CPU.Build.0 = Release|Any CPU
		{64FD55B5-6BEF-4102-96A4-919B6DA1DBBA}.Debug|Any CPU.ActiveCfg = Debug|Any CPU
		{64FD55B5-6BEF-4102-96A4-919B6DA1DBBA}.Debug|Any CPU.Build.0 = Debug|Any CPU
		{64FD55B5-6BEF-4102-96A4-919B6DA1DBBA}.Release|Any CPU.ActiveCfg = Release|Any CPU
		{64FD55B5-6BEF-4102-96A4-919B6DA1DBBA}.Release|Any CPU.Build.0 = Release|Any CPU
		{26BAD646-E63C-4D64-8869-295374227C5A}.Debug|Any CPU.ActiveCfg = Debug|Any CPU
		{26BAD646-E63C-4D64-8869-295374227C5A}.Debug|Any CPU.Build.0 = Debug|Any CPU
		{26BAD646-E63C-4D64-8869-295374227C5A}.Release|Any CPU.ActiveCfg = Release|Any CPU
		{26BAD646-E63C-4D64-8869-295374227C5A}.Release|Any CPU.Build.0 = Release|Any CPU
		{618A1F0E-43F5-437D-ABE1-F3C0B3066EFB}.Debug|Any CPU.ActiveCfg = Debug|Any CPU
		{618A1F0E-43F5-437D-ABE1-F3C0B3066EFB}.Debug|Any CPU.Build.0 = Debug|Any CPU
		{618A1F0E-43F5-437D-ABE1-F3C0B3066EFB}.Release|Any CPU.ActiveCfg = Release|Any CPU
		{618A1F0E-43F5-437D-ABE1-F3C0B3066EFB}.Release|Any CPU.Build.0 = Release|Any CPU
		{ECEFFEDA-E104-4E72-8874-AAADEF166E45}.Debug|Any CPU.ActiveCfg = Debug|Any CPU
		{ECEFFEDA-E104-4E72-8874-AAADEF166E45}.Debug|Any CPU.Build.0 = Debug|Any CPU
		{ECEFFEDA-E104-4E72-8874-AAADEF166E45}.Release|Any CPU.ActiveCfg = Release|Any CPU
		{ECEFFEDA-E104-4E72-8874-AAADEF166E45}.Release|Any CPU.Build.0 = Release|Any CPU
		{FFED3A6C-C27F-48E6-B291-6520069AC19A}.Debug|Any CPU.ActiveCfg = Debug|Any CPU
		{FFED3A6C-C27F-48E6-B291-6520069AC19A}.Debug|Any CPU.Build.0 = Debug|Any CPU
		{FFED3A6C-C27F-48E6-B291-6520069AC19A}.Release|Any CPU.ActiveCfg = Release|Any CPU
		{FFED3A6C-C27F-48E6-B291-6520069AC19A}.Release|Any CPU.Build.0 = Release|Any CPU
		{3E5E5FB9-9B32-4846-959A-9E5690D1AC5A}.Debug|Any CPU.ActiveCfg = Debug|Any CPU
		{3E5E5FB9-9B32-4846-959A-9E5690D1AC5A}.Debug|Any CPU.Build.0 = Debug|Any CPU
		{3E5E5FB9-9B32-4846-959A-9E5690D1AC5A}.Release|Any CPU.ActiveCfg = Release|Any CPU
		{3E5E5FB9-9B32-4846-959A-9E5690D1AC5A}.Release|Any CPU.Build.0 = Release|Any CPU
		{9DEF0A7D-3BE7-4F40-8B81-357BEC1EE0B0}.Debug|Any CPU.ActiveCfg = Debug|Any CPU
		{9DEF0A7D-3BE7-4F40-8B81-357BEC1EE0B0}.Debug|Any CPU.Build.0 = Debug|Any CPU
		{9DEF0A7D-3BE7-4F40-8B81-357BEC1EE0B0}.Release|Any CPU.ActiveCfg = Release|Any CPU
		{9DEF0A7D-3BE7-4F40-8B81-357BEC1EE0B0}.Release|Any CPU.Build.0 = Release|Any CPU
		{56118EA7-3AC4-4910-836C-86B4E9C76B24}.Debug|Any CPU.ActiveCfg = Debug|Any CPU
		{56118EA7-3AC4-4910-836C-86B4E9C76B24}.Debug|Any CPU.Build.0 = Debug|Any CPU
		{56118EA7-3AC4-4910-836C-86B4E9C76B24}.Release|Any CPU.ActiveCfg = Release|Any CPU
		{56118EA7-3AC4-4910-836C-86B4E9C76B24}.Release|Any CPU.Build.0 = Release|Any CPU
		{AEA673CA-8D43-477D-8A18-953A36CD7A3A}.Debug|Any CPU.ActiveCfg = Debug|Any CPU
		{AEA673CA-8D43-477D-8A18-953A36CD7A3A}.Debug|Any CPU.Build.0 = Debug|Any CPU
		{AEA673CA-8D43-477D-8A18-953A36CD7A3A}.Release|Any CPU.ActiveCfg = Release|Any CPU
		{AEA673CA-8D43-477D-8A18-953A36CD7A3A}.Release|Any CPU.Build.0 = Release|Any CPU
		{6BA7C00A-08AD-48BF-B592-4D49770ED0F8}.Debug|Any CPU.ActiveCfg = Debug|Any CPU
		{6BA7C00A-08AD-48BF-B592-4D49770ED0F8}.Debug|Any CPU.Build.0 = Debug|Any CPU
		{6BA7C00A-08AD-48BF-B592-4D49770ED0F8}.Release|Any CPU.ActiveCfg = Release|Any CPU
		{6BA7C00A-08AD-48BF-B592-4D49770ED0F8}.Release|Any CPU.Build.0 = Release|Any CPU
		{A354AA33-8574-4B4E-9830-A5E0FC19C342}.Debug|Any CPU.ActiveCfg = Debug|Any CPU
		{A354AA33-8574-4B4E-9830-A5E0FC19C342}.Debug|Any CPU.Build.0 = Debug|Any CPU
		{A354AA33-8574-4B4E-9830-A5E0FC19C342}.Release|Any CPU.ActiveCfg = Release|Any CPU
		{A354AA33-8574-4B4E-9830-A5E0FC19C342}.Release|Any CPU.Build.0 = Release|Any CPU
		{B2FD70BD-AC3D-4D10-8A97-B03356FC2B08}.Debug|Any CPU.ActiveCfg = Debug|Any CPU
		{B2FD70BD-AC3D-4D10-8A97-B03356FC2B08}.Debug|Any CPU.Build.0 = Debug|Any CPU
		{B2FD70BD-AC3D-4D10-8A97-B03356FC2B08}.Release|Any CPU.ActiveCfg = Release|Any CPU
		{B2FD70BD-AC3D-4D10-8A97-B03356FC2B08}.Release|Any CPU.Build.0 = Release|Any CPU
		{1DAB566F-1504-414A-AE03-B6617F30F618}.Debug|Any CPU.ActiveCfg = Debug|Any CPU
		{1DAB566F-1504-414A-AE03-B6617F30F618}.Debug|Any CPU.Build.0 = Debug|Any CPU
		{1DAB566F-1504-414A-AE03-B6617F30F618}.Release|Any CPU.ActiveCfg = Release|Any CPU
		{1DAB566F-1504-414A-AE03-B6617F30F618}.Release|Any CPU.Build.0 = Release|Any CPU
		{FCA66BB0-42D2-41F8-BA7F-79DC623323CD}.Debug|Any CPU.ActiveCfg = Debug|Any CPU
		{FCA66BB0-42D2-41F8-BA7F-79DC623323CD}.Debug|Any CPU.Build.0 = Debug|Any CPU
		{FCA66BB0-42D2-41F8-BA7F-79DC623323CD}.Release|Any CPU.ActiveCfg = Release|Any CPU
		{FCA66BB0-42D2-41F8-BA7F-79DC623323CD}.Release|Any CPU.Build.0 = Release|Any CPU
		{B2572C8E-FF8A-45A8-BCE3-1EB481168904}.Debug|Any CPU.ActiveCfg = Debug|Any CPU
		{B2572C8E-FF8A-45A8-BCE3-1EB481168904}.Debug|Any CPU.Build.0 = Debug|Any CPU
		{B2572C8E-FF8A-45A8-BCE3-1EB481168904}.Release|Any CPU.ActiveCfg = Release|Any CPU
		{B2572C8E-FF8A-45A8-BCE3-1EB481168904}.Release|Any CPU.Build.0 = Release|Any CPU
		{433F2197-FEA7-4FF2-8798-B8A153ADDC6C}.Debug|Any CPU.ActiveCfg = Debug|Any CPU
		{433F2197-FEA7-4FF2-8798-B8A153ADDC6C}.Debug|Any CPU.Build.0 = Debug|Any CPU
		{433F2197-FEA7-4FF2-8798-B8A153ADDC6C}.Release|Any CPU.ActiveCfg = Release|Any CPU
		{433F2197-FEA7-4FF2-8798-B8A153ADDC6C}.Release|Any CPU.Build.0 = Release|Any CPU
		{FD811727-83D9-464C-8851-C685D739FD2F}.Debug|Any CPU.ActiveCfg = Debug|Any CPU
		{FD811727-83D9-464C-8851-C685D739FD2F}.Debug|Any CPU.Build.0 = Debug|Any CPU
		{FD811727-83D9-464C-8851-C685D739FD2F}.Release|Any CPU.ActiveCfg = Release|Any CPU
		{FD811727-83D9-464C-8851-C685D739FD2F}.Release|Any CPU.Build.0 = Release|Any CPU
		{155D83D5-9C46-43B7-9704-5AAD5E01DD82}.Debug|Any CPU.ActiveCfg = Debug|Any CPU
		{155D83D5-9C46-43B7-9704-5AAD5E01DD82}.Debug|Any CPU.Build.0 = Debug|Any CPU
		{155D83D5-9C46-43B7-9704-5AAD5E01DD82}.Release|Any CPU.ActiveCfg = Release|Any CPU
		{155D83D5-9C46-43B7-9704-5AAD5E01DD82}.Release|Any CPU.Build.0 = Release|Any CPU
		{7E4681DE-31BA-4BE2-80C7-B756D0A09887}.Debug|Any CPU.ActiveCfg = Debug|Any CPU
		{7E4681DE-31BA-4BE2-80C7-B756D0A09887}.Debug|Any CPU.Build.0 = Debug|Any CPU
		{7E4681DE-31BA-4BE2-80C7-B756D0A09887}.Release|Any CPU.ActiveCfg = Release|Any CPU
		{7E4681DE-31BA-4BE2-80C7-B756D0A09887}.Release|Any CPU.Build.0 = Release|Any CPU
	EndGlobalSection
	GlobalSection(SolutionProperties) = preSolution
		HideSolutionNode = FALSE
	EndGlobalSection
	GlobalSection(NestedProjects) = preSolution
		{1E0AE736-5A45-4B23-95DD-E2DCE1968639} = {5EEDC7C1-06FD-477C-A879-7F1EF1ED552A}
		{8EF887F3-E6BB-4184-9CAB-9B1642E05B03} = {5EEDC7C1-06FD-477C-A879-7F1EF1ED552A}
		{5F033D1D-A400-473A-BE38-4BF34CBEF4ED} = {5EEDC7C1-06FD-477C-A879-7F1EF1ED552A}
		{1F02D462-AB07-4F53-8DC4-3528F41E7E6D} = {5EEDC7C1-06FD-477C-A879-7F1EF1ED552A}
		{73CB74A6-4D9F-4607-983D-AD2FB0D6DCB3} = {5EEDC7C1-06FD-477C-A879-7F1EF1ED552A}
		{D09D6808-1ADE-4197-B976-B9E42D8AD66B} = {5EEDC7C1-06FD-477C-A879-7F1EF1ED552A}
		{34BF36DE-7746-49D7-8D01-471DB1EFB51B} = {5EEDC7C1-06FD-477C-A879-7F1EF1ED552A}
		{9AD25828-1067-4D20-B81B-DAA5C128AB31} = {5EEDC7C1-06FD-477C-A879-7F1EF1ED552A}
		{6E2728E0-7207-4C23-9D82-0D4B73998B64} = {5EEDC7C1-06FD-477C-A879-7F1EF1ED552A}
		{B9B79B7C-BEFE-4E09-9429-263FCE7ED080} = {DA329C77-377D-4D8E-ABAA-6356295B115B}
		{9B0F558A-04EF-4B5B-9300-5C5B4D4E415A} = {DA329C77-377D-4D8E-ABAA-6356295B115B}
		{FB9F25D7-70F5-4096-8E40-0FD36213424D} = {35FFA70C-E9CD-426D-B7EF-89D1759430CA}
		{01490968-0516-4F2A-8B66-DBA06AAAC99A} = {0AFB6F26-9F2B-4C79-9F33-3B019DBE48F3}
		{0EAA5EDE-272E-4178-AE3D-C497AAD2B060} = {0AFB6F26-9F2B-4C79-9F33-3B019DBE48F3}
		{F7C51978-1541-412F-80BB-B5F87F193858} = {0AFB6F26-9F2B-4C79-9F33-3B019DBE48F3}
		{F11208D4-09BF-49C5-A9BF-C5DE787B1E93} = {0AFB6F26-9F2B-4C79-9F33-3B019DBE48F3}
		{65A4E518-7C50-4EC8-93CD-6E1AF88E0996} = {0AFB6F26-9F2B-4C79-9F33-3B019DBE48F3}
		{28966735-0082-4E9E-8088-A9D044633E2A} = {0AFB6F26-9F2B-4C79-9F33-3B019DBE48F3}
		{2632A3B7-6A58-4046-A522-52EA56DA7789} = {0AFB6F26-9F2B-4C79-9F33-3B019DBE48F3}
		{C9BD2F92-25C9-48D4-9E35-4FD28CD56868} = {0AFB6F26-9F2B-4C79-9F33-3B019DBE48F3}
		{3A10E7F4-2CB9-4486-BB4E-92D2FE88C70D} = {0AFB6F26-9F2B-4C79-9F33-3B019DBE48F3}
		{835C2A60-2FEA-4DEE-BFD5-E0AC8ADF326F} = {0AFB6F26-9F2B-4C79-9F33-3B019DBE48F3}
		{5676BE35-D81C-4997-81D3-58BACDE9136B} = {0984DF7A-AF18-4565-BE5F-D033B153DEC0}
		{4264F06C-4DC2-41B1-896F-8B37657B18AB} = {0984DF7A-AF18-4565-BE5F-D033B153DEC0}
		{29B9102D-95BB-48D6-84E8-90E44A05AD07} = {B7400A13-EF95-4FF6-A133-61F126EBB1D8}
		{64FD55B5-6BEF-4102-96A4-919B6DA1DBBA} = {B7400A13-EF95-4FF6-A133-61F126EBB1D8}
		{26BAD646-E63C-4D64-8869-295374227C5A} = {B7400A13-EF95-4FF6-A133-61F126EBB1D8}
		{618A1F0E-43F5-437D-ABE1-F3C0B3066EFB} = {B7400A13-EF95-4FF6-A133-61F126EBB1D8}
		{ECEFFEDA-E104-4E72-8874-AAADEF166E45} = {B7400A13-EF95-4FF6-A133-61F126EBB1D8}
		{FFED3A6C-C27F-48E6-B291-6520069AC19A} = {35FFA70C-E9CD-426D-B7EF-89D1759430CA}
		{3E5E5FB9-9B32-4846-959A-9E5690D1AC5A} = {35FFA70C-E9CD-426D-B7EF-89D1759430CA}
		{9DEF0A7D-3BE7-4F40-8B81-357BEC1EE0B0} = {35FFA70C-E9CD-426D-B7EF-89D1759430CA}
		{56118EA7-3AC4-4910-836C-86B4E9C76B24} = {35FFA70C-E9CD-426D-B7EF-89D1759430CA}
		{AEA673CA-8D43-477D-8A18-953A36CD7A3A} = {35FFA70C-E9CD-426D-B7EF-89D1759430CA}
		{6BA7C00A-08AD-48BF-B592-4D49770ED0F8} = {35FFA70C-E9CD-426D-B7EF-89D1759430CA}
		{A354AA33-8574-4B4E-9830-A5E0FC19C342} = {35FFA70C-E9CD-426D-B7EF-89D1759430CA}
		{B2FD70BD-AC3D-4D10-8A97-B03356FC2B08} = {DA329C77-377D-4D8E-ABAA-6356295B115B}
		{1DAB566F-1504-414A-AE03-B6617F30F618} = {0AFB6F26-9F2B-4C79-9F33-3B019DBE48F3}
		{FCA66BB0-42D2-41F8-BA7F-79DC623323CD} = {0AFB6F26-9F2B-4C79-9F33-3B019DBE48F3}
		{B2572C8E-FF8A-45A8-BCE3-1EB481168904} = {5EEDC7C1-06FD-477C-A879-7F1EF1ED552A}
		{433F2197-FEA7-4FF2-8798-B8A153ADDC6C} = {5EEDC7C1-06FD-477C-A879-7F1EF1ED552A}
		{FD811727-83D9-464C-8851-C685D739FD2F} = {5EEDC7C1-06FD-477C-A879-7F1EF1ED552A}
		{155D83D5-9C46-43B7-9704-5AAD5E01DD82} = {5EEDC7C1-06FD-477C-A879-7F1EF1ED552A}
		{7E4681DE-31BA-4BE2-80C7-B756D0A09887} = {5EEDC7C1-06FD-477C-A879-7F1EF1ED552A}
	EndGlobalSection
EndGlobal
